
Microsoft Visual Studio Solution File, Format Version 12.00
Project("{FAE04EC0-301F-11D3-BF4B-00C04F79EFBC}") = "RabbitMqRateLimiting.EasyNetQ.Worker", "RabbitMqRateLimiting.EasyNetQ.Worker\RabbitMqRateLimiting.EasyNetQ.Worker.csproj", "{0045F89E-8DFB-4DA3-A615-E4AE1FAAC02C}"
EndProject
Project("{FAE04EC0-301F-11D3-BF4B-00C04F79EFBC}") = "RabbitMqRateLimiting.EasyNetQ.Producer", "RabbitMqRateLimiting.EasyNetQ.Producer\RabbitMqRateLimiting.EasyNetQ.Producer.csproj", "{7322BE9C-9E05-4FCD-8ED8-4F9EBAC73A5D}"
EndProject
Global
	GlobalSection(SolutionConfigurationPlatforms) = preSolution
		Debug|Any CPU = Debug|Any CPU
		Release|Any CPU = Release|Any CPU
	EndGlobalSection
	GlobalSection(ProjectConfigurationPlatforms) = postSolution
		{0045F89E-8DFB-4DA3-A615-E4AE1FAAC02C}.Debug|Any CPU.ActiveCfg = Debug|Any CPU
		{0045F89E-8DFB-4DA3-A615-E4AE1FAAC02C}.Debug|Any CPU.Build.0 = Debug|Any CPU
		{0045F89E-8DFB-4DA3-A615-E4AE1FAAC02C}.Release|Any CPU.ActiveCfg = Release|Any CPU
		{0045F89E-8DFB-4DA3-A615-E4AE1FAAC02C}.Release|Any CPU.Build.0 = Release|Any CPU
		{7322BE9C-9E05-4FCD-8ED8-4F9EBAC73A5D}.Debug|Any CPU.ActiveCfg = Debug|Any CPU
		{7322BE9C-9E05-4FCD-8ED8-4F9EBAC73A5D}.Debug|Any CPU.Build.0 = Debug|Any CPU
		{7322BE9C-9E05-4FCD-8ED8-4F9EBAC73A5D}.Release|Any CPU.ActiveCfg = Release|Any CPU
		{7322BE9C-9E05-4FCD-8ED8-4F9EBAC73A5D}.Release|Any CPU.Build.0 = Release|Any CPU
	EndGlobalSection
EndGlobal
